
Microsoft Visual Studio Solution File, Format Version 12.00
# Visual Studio Version 16
VisualStudioVersion = 16.0.31624.102
MinimumVisualStudioVersion = 10.0.40219.1
Project("{FAE04EC0-301F-11D3-BF4B-00C04F79EFBC}") = "iskola_2022-02-11", "iskola_2022-02-11\iskola_2022-02-11.csproj", "{B613EEE1-D484-4132-AC08-0797383F2270}"
EndProject
Global
	GlobalSection(SolutionConfigurationPlatforms) = preSolution
		Debug|Any CPU = Debug|Any CPU
		Release|Any CPU = Release|Any CPU
	EndGlobalSection
	GlobalSection(ProjectConfigurationPlatforms) = postSolution
		{B613EEE1-D484-4132-AC08-0797383F2270}.Debug|Any CPU.ActiveCfg = Debug|Any CPU
		{B613EEE1-D484-4132-AC08-0797383F2270}.Debug|Any CPU.Build.0 = Debug|Any CPU
		{B613EEE1-D484-4132-AC08-0797383F2270}.Release|Any CPU.ActiveCfg = Release|Any CPU
		{B613EEE1-D484-4132-AC08-0797383F2270}.Release|Any CPU.Build.0 = Release|Any CPU
	EndGlobalSection
	GlobalSection(SolutionProperties) = preSolution
		HideSolutionNode = FALSE
	EndGlobalSection
	GlobalSection(ExtensibilityGlobals) = postSolution
		SolutionGuid = {C3159C52-4932-47B5-8D1C-418FEB6AC91B}
	EndGlobalSection
EndGlobal
